{
  "pins" : [
    {
      "identity" : "avfoundation-combine",
      "kind" : "remoteSourceControl",
      "location" : "https://github.com/jozsef-vesza/AVFoundation-Combine",
      "state" : {
        "branch" : "master",
        "revision" : "543df269c7c97bcb92978998998c033cd6ef1803"
      }
    },
    {
      "identity" : "hyperconnectivity",
      "kind" : "remoteSourceControl",
      "location" : "https://github.com/rwbutler/Hyperconnectivity",
      "state" : {
        "branch" : "master",
        "revision" : "c0dbcfb6c20e59599b5cdc14f151430866322a7e"
      }
    }
  ],
  "version" : 2
}
